
Microsoft Visual Studio Solution File, Format Version 12.00
# Visual Studio Version 16
VisualStudioVersion = 16.0.31112.23
MinimumVisualStudioVersion = 10.0.40219.1
Project("{8BC9CEB8-8B4A-11D0-8D11-00A0C91BC942}") = "Week03ProgrammingAssignment", "Week03ProgrammingAssignment.vcxproj", "{4F72459A-083A-4C56-85DC-6E13D4B4F398}"
EndProject
Global
	GlobalSection(SolutionConfigurationPlatforms) = preSolution
		Debug|x64 = Debug|x64
		Debug|x86 = Debug|x86
		Release|x64 = Release|x64
		Release|x86 = Release|x86
	EndGlobalSection
	GlobalSection(ProjectConfigurationPlatforms) = postSolution
		{4F72459A-083A-4C56-85DC-6E13D4B4F398}.Debug|x64.ActiveCfg = Debug|x64
		{4F72459A-083A-4C56-85DC-6E13D4B4F398}.Debug|x64.Build.0 = Debug|x64
		{4F72459A-083A-4C56-85DC-6E13D4B4F398}.Debug|x86.ActiveCfg = Debug|Win32
		{4F72459A-083A-4C56-85DC-6E13D4B4F398}.Debug|x86.Build.0 = Debug|Win32
		{4F72459A-083A-4C56-85DC-6E13D4B4F398}.Release|x64.ActiveCfg = Release|x64
		{4F72459A-083A-4C56-85DC-6E13D4B4F398}.Release|x64.Build.0 = Release|x64
		{4F72459A-083A-4C56-85DC-6E13D4B4F398}.Release|x86.ActiveCfg = Release|Win32
		{4F72459A-083A-4C56-85DC-6E13D4B4F398}.Release|x86.Build.0 = Release|Win32
	EndGlobalSection
	GlobalSection(SolutionProperties) = preSolution
		HideSolutionNode = FALSE
	EndGlobalSection
	GlobalSection(ExtensibilityGlobals) = postSolution
		SolutionGuid = {37A5A18B-54A4-4554-AF38-F61E3C5EE24C}
	EndGlobalSection
EndGlobal
